
Microsoft Visual Studio Solution File, Format Version 12.00
# Visual Studio Version 16
VisualStudioVersion = 16.0.31129.286
MinimumVisualStudioVersion = 10.0.40219.1
Project("{D2ABAB84-BF74-430A-B69E-9DC6D40DDA17}") = "MultidimensionalProject2", "MultidimensionalProject2\MultidimensionalProject2.dwproj", "{D4F5ADD4-C5C6-4768-95C2-B80BBF204D76}"
EndProject
Global
	GlobalSection(SolutionConfigurationPlatforms) = preSolution
		Development|Default = Development|Default
	EndGlobalSection
	GlobalSection(ProjectConfigurationPlatforms) = postSolution
		{D4F5ADD4-C5C6-4768-95C2-B80BBF204D76}.Development|Default.ActiveCfg = Development
		{D4F5ADD4-C5C6-4768-95C2-B80BBF204D76}.Development|Default.Build.0 = Development
		{D4F5ADD4-C5C6-4768-95C2-B80BBF204D76}.Development|Default.Deploy.0 = Development
	EndGlobalSection
	GlobalSection(SolutionProperties) = preSolution
		HideSolutionNode = FALSE
	EndGlobalSection
	GlobalSection(ExtensibilityGlobals) = postSolution
		SolutionGuid = {4AA9B475-5779-47FE-90E7-6619B061C867}
	EndGlobalSection
EndGlobal
